// !$*UTF8*$!
{
	archiveVersion = 1;
	classes = {
	};
	objectVersion = 46;
	objects = {

/* Begin PBXBuildFile section */
		6E9CD05C1DE6BCB6006D1F51 /* AppDelegate.swift in Sources */ = {isa = PBXBuildFile; fileRef = 6E9CD05B1DE6BCB6006D1F51 /* AppDelegate.swift */; };
		6E9CD05E1DE6BCB6006D1F51 /* ViewController.swift in Sources */ = {isa = PBXBuildFile; fileRef = 6E9CD05D1DE6BCB6006D1F51 /* ViewController.swift */; };
		6E9CD0611DE6BCB6006D1F51 /* Main.storyboard in Resources */ = {isa = PBXBuildFile; fileRef = 6E9CD05F1DE6BCB6006D1F51 /* Main.storyboard */; };
		6E9CD0631DE6BCB6006D1F51 /* Assets.xcassets in Resources */ = {isa = PBXBuildFile; fileRef = 6E9CD0621DE6BCB6006D1F51 /* Assets.xcassets */; };
		6E9CD0661DE6BCB6006D1F51 /* LaunchScreen.storyboard in Resources */ = {isa = PBXBuildFile; fileRef = 6E9CD0641DE6BCB6006D1F51 /* LaunchScreen.storyboard */; };
		6E9CD0711DE6BCB6006D1F51 /* Shift_Keyboard_ExampleTests.swift in Sources */ = {isa = PBXBuildFile; fileRef = 6E9CD0701DE6BCB6006D1F51 /* Shift_Keyboard_ExampleTests.swift */; };
		6E9CD07C1DE6BCB6006D1F51 /* Shift_Keyboard_ExampleUITests.swift in Sources */ = {isa = PBXBuildFile; fileRef = 6E9CD07B1DE6BCB6006D1F51 /* Shift_Keyboard_ExampleUITests.swift */; };
/* End PBXBuildFile section */

/* Begin PBXContainerItemProxy section */
		6E9CD06D1DE6BCB6006D1F51 /* PBXContainerItemProxy */ = {
			isa = PBXContainerItemProxy;
			containerPortal = 6E9CD0501DE6BCB6006D1F51 /* Project object */;
			proxyType = 1;
			remoteGlobalIDString = 6E9CD0571DE6BCB6006D1F51;
			remoteInfo = "Shift Keyboard Example";
		};
		6E9CD0781DE6BCB6006D1F51 /* PBXContainerItemProxy */ = {
			isa = PBXContainerItemProxy;
			containerPortal = 6E9CD0501DE6BCB6006D1F51 /* Project object */;
			proxyType = 1;
			remoteGlobalIDString = 6E9CD0571DE6BCB6006D1F51;
			remoteInfo = "Shift Keyboard Example";
		};
/* End PBXContainerItemProxy section */

/* Begin PBXFileReference section */
		6E9CD0581DE6BCB6006D1F51 /* Shift Keyboard Example.app */ = {isa = PBXFileReference; explicitFileType = wrapper.application; includeInIndex = 0; path = "Shift Keyboard Example.app"; sourceTree = BUILT_PRODUCTS_DIR; };
		6E9CD05B1DE6BCB6006D1F51 /* AppDelegate.swift */ = {isa = PBXFileReference; lastKnownFileType = sourcecode.swift; path = AppDelegate.swift; sourceTree = "<group>"; };
		6E9CD05D1DE6BCB6006D1F51 /* ViewController.swift */ = {isa = PBXFileReference; lastKnownFileType = sourcecode.swift; path = ViewController.swift; sourceTree = "<group>"; };
		6E9CD0601DE6BCB6006D1F51 /* Base */ = {isa = PBXFileReference; lastKnownFileType = file.storyboard; name = Base; path = Base.lproj/Main.storyboard; sourceTree = "<group>"; };
		6E9CD0621DE6BCB6006D1F51 /* Assets.xcassets */ = {isa = PBXFileReference; lastKnownFileType = folder.assetcatalog; path = Assets.xcassets; sourceTree = "<group>"; };
		6E9CD0651DE6BCB6006D1F51 /* Base */ = {isa = PBXFileReference; lastKnownFileType = file.storyboard; name = Base; path = Base.lproj/LaunchScreen.storyboard; sourceTree = "<group>"; };
		6E9CD0671DE6BCB6006D1F51 /* Info.plist */ = {isa = PBXFileReference; lastKnownFileType = text.plist.xml; path = Info.plist; sourceTree = "<group>"; };
		6E9CD06C1DE6BCB6006D1F51 /* Shift Keyboard ExampleTests.xctest */ = {isa = PBXFileReference; explicitFileType = wrapper.cfbundle; includeInIndex = 0; path = "Shift Keyboard ExampleTests.xctest"; sourceTree = BUILT_PRODUCTS_DIR; };
		6E9CD0701DE6BCB6006D1F51 /* Shift_Keyboard_ExampleTests.swift */ = {isa = PBXFileReference; lastKnownFileType = sourcecode.swift; path = Shift_Keyboard_ExampleTests.swift; sourceTree = "<group>"; };
		6E9CD0721DE6BCB6006D1F51 /* Info.plist */ = {isa = PBXFileReference; lastKnownFileType = text.plist.xml; path = Info.plist; sourceTree = "<group>"; };
		6E9CD0771DE6BCB6006D1F51 /* Shift Keyboard ExampleUITests.xctest */ = {isa = PBXFileReference; explicitFileType = wrapper.cfbundle; includeInIndex = 0; path = "Shift Keyboard ExampleUITests.xctest"; sourceTree = BUILT_PRODUCTS_DIR; };
		6E9CD07B1DE6BCB6006D1F51 /* Shift_Keyboard_ExampleUITests.swift */ = {isa = PBXFileReference; lastKnownFileType = sourcecode.swift; path = Shift_Keyboard_ExampleUITests.swift; sourceTree = "<group>"; };
		6E9CD07D1DE6BCB6006D1F51 /* Info.plist */ = {isa = PBXFileReference; lastKnownFileType = text.plist.xml; path = Info.plist; sourceTree = "<group>"; };
/* End PBXFileReference section */

/* Begin PBXFrameworksBuildPhase section */
		6E9CD0551DE6BCB6006D1F51 /* Frameworks */ = {
			isa = PBXFrameworksBuildPhase;
			buildActionMask = 2147483647;
			files = (
			);
			runOnlyForDeploymentPostprocessing = 0;
		};
		6E9CD0691DE6BCB6006D1F51 /* Frameworks */ = {
			isa = PBXFrameworksBuildPhase;
			buildActionMask = 2147483647;
			files = (
			);
			runOnlyForDeploymentPostprocessing = 0;
		};
		6E9CD0741DE6BCB6006D1F51 /* Frameworks */ = {
			isa = PBXFrameworksBuildPhase;
			buildActionMask = 2147483647;
			files = (
			);
			runOnlyForDeploymentPostprocessing = 0;
		};
/* End PBXFrameworksBuildPhase section */

/* Begin PBXGroup section */
		6E9CD04F1DE6BCB6006D1F51 = {
			isa = PBXGroup;
			children = (
				6E9CD05A1DE6BCB6006D1F51 /* Shift Keyboard Example */,
				6E9CD06F1DE6BCB6006D1F51 /* Shift Keyboard ExampleTests */,
				6E9CD07A1DE6BCB6006D1F51 /* Shift Keyboard ExampleUITests */,
				6E9CD0591DE6BCB6006D1F51 /* Products */,
			);
			sourceTree = "<group>";
		};
		6E9CD0591DE6BCB6006D1F51 /* Products */ = {
			isa = PBXGroup;
			children = (
				6E9CD0581DE6BCB6006D1F51 /* Shift Keyboard Example.app */,
				6E9CD06C1DE6BCB6006D1F51 /* Shift Keyboard ExampleTests.xctest */,
				6E9CD0771DE6BCB6006D1F51 /* Shift Keyboard ExampleUITests.xctest */,
			);
			name = Products;
			sourceTree = "<group>";
		};
		6E9CD05A1DE6BCB6006D1F51 /* Shift Keyboard Example */ = {
			isa = PBXGroup;
			children = (
				6E9CD05B1DE6BCB6006D1F51 /* AppDelegate.swift */,
				6E9CD05D1DE6BCB6006D1F51 /* ViewController.swift */,
				6E9CD05F1DE6BCB6006D1F51 /* Main.storyboard */,
				6E9CD0621DE6BCB6006D1F51 /* Assets.xcassets */,
				6E9CD0641DE6BCB6006D1F51 /* LaunchScreen.storyboard */,
				6E9CD0671DE6BCB6006D1F51 /* Info.plist */,
			);
			path = "Shift Keyboard Example";
			sourceTree = "<group>";
		};
		6E9CD06F1DE6BCB6006D1F51 /* Shift Keyboard ExampleTests */ = {
			isa = PBXGroup;
			children = (
				6E9CD0701DE6BCB6006D1F51 /* Shift_Keyboard_ExampleTests.swift */,
				6E9CD0721DE6BCB6006D1F51 /* Info.plist */,
			);
			path = "Shift Keyboard ExampleTests";
			sourceTree = "<group>";
		};
		6E9CD07A1DE6BCB6006D1F51 /* Shift Keyboard ExampleUITests */ = {
			isa = PBXGroup;
			children = (
				6E9CD07B1DE6BCB6006D1F51 /* Shift_Keyboard_ExampleUITests.swift */,
				6E9CD07D1DE6BCB6006D1F51 /* Info.plist */,
			);
			path = "Shift Keyboard ExampleUITests";
			sourceTree = "<group>";
		};
/* End PBXGroup section */

/* Begin PBXNativeTarget section */
		6E9CD0571DE6BCB6006D1F51 /* Shift Keyboard Example */ = {
			isa = PBXNativeTarget;
			buildConfigurationList = 6E9CD0801DE6BCB6006D1F51 /* Build configuration list for PBXNativeTarget "Shift Keyboard Example" */;
			buildPhases = (
				6E9CD0541DE6BCB6006D1F51 /* Sources */,
				6E9CD0551DE6BCB6006D1F51 /* Frameworks */,
				6E9CD0561DE6BCB6006D1F51 /* Resources */,
			);
			buildRules = (
			);
			dependencies = (
			);
			name = "Shift Keyboard Example";
			productName = "Shift Keyboard Example";
			productReference = 6E9CD0581DE6BCB6006D1F51 /* Shift Keyboard Example.app */;
			productType = "com.apple.product-type.application";
		};
		6E9CD06B1DE6BCB6006D1F51 /* Shift Keyboard ExampleTests */ = {
			isa = PBXNativeTarget;
			buildConfigurationList = 6E9CD0831DE6BCB6006D1F51 /* Build configuration list for PBXNativeTarget "Shift Keyboard ExampleTests" */;
			buildPhases = (
				6E9CD0681DE6BCB6006D1F51 /* Sources */,
				6E9CD0691DE6BCB6006D1F51 /* Frameworks */,
				6E9CD06A1DE6BCB6006D1F51 /* Resources */,
			);
			buildRules = (
			);
			dependencies = (
				6E9CD06E1DE6BCB6006D1F51 /* PBXTargetDependency */,
			);
			name = "Shift Keyboard ExampleTests";
			productName = "Shift Keyboard ExampleTests";
			productReference = 6E9CD06C1DE6BCB6006D1F51 /* Shift Keyboard ExampleTests.xctest */;
			productType = "com.apple.product-type.bundle.unit-test";
		};
		6E9CD0761DE6BCB6006D1F51 /* Shift Keyboard ExampleUITests */ = {
			isa = PBXNativeTarget;
			buildConfigurationList = 6E9CD0861DE6BCB6006D1F51 /* Build configuration list for PBXNativeTarget "Shift Keyboard ExampleUITests" */;
			buildPhases = (
				6E9CD0731DE6BCB6006D1F51 /* Sources */,
				6E9CD0741DE6BCB6006D1F51 /* Frameworks */,
				6E9CD0751DE6BCB6006D1F51 /* Resources */,
			);
			buildRules = (
			);
			dependencies = (
				6E9CD0791DE6BCB6006D1F51 /* PBXTargetDependency */,
			);
			name = "Shift Keyboard ExampleUITests";
			productName = "Shift Keyboard ExampleUITests";
			productReference = 6E9CD0771DE6BCB6006D1F51 /* Shift Keyboard ExampleUITests.xctest */;
			productType = "com.apple.product-type.bundle.ui-testing";
		};
/* End PBXNativeTarget section */

/* Begin PBXProject section */
		6E9CD0501DE6BCB6006D1F51 /* Project object */ = {
			isa = PBXProject;
			attributes = {
				LastSwiftUpdateCheck = 0810;
				LastUpgradeCheck = 0810;
				ORGANIZATIONNAME = "Zulwiyoza Putra";
				TargetAttributes = {
					6E9CD0571DE6BCB6006D1F51 = {
						CreatedOnToolsVersion = 8.1;
						DevelopmentTeam = 44VVQHZS45;
						ProvisioningStyle = Automatic;
					};
					6E9CD06B1DE6BCB6006D1F51 = {
						CreatedOnToolsVersion = 8.1;
						DevelopmentTeam = 44VVQHZS45;
						ProvisioningStyle = Automatic;
						TestTargetID = 6E9CD0571DE6BCB6006D1F51;
					};
					6E9CD0761DE6BCB6006D1F51 = {
						CreatedOnToolsVersion = 8.1;
						DevelopmentTeam = 44VVQHZS45;
						ProvisioningStyle = Automatic;
						TestTargetID = 6E9CD0571DE6BCB6006D1F51;
					};
				};
			};
			buildConfigurationList = 6E9CD0531DE6BCB6006D1F51 /* Build configuration list for PBXProject "Shift Keyboard Example" */;
			compatibilityVersion = "Xcode 3.2";
			developmentRegion = English;
			hasScannedForEncodings = 0;
			knownRegions = (
				en,
				Base,
			);
			mainGroup = 6E9CD04F1DE6BCB6006D1F51;
			productRefGroup = 6E9CD0591DE6BCB6006D1F51 /* Products */;
			projectDirPath = "";
			projectRoot = "";
			targets = (
				6E9CD0571DE6BCB6006D1F51 /* Shift Keyboard Example */,
				6E9CD06B1DE6BCB6006D1F51 /* Shift Keyboard ExampleTests */,
				6E9CD0761DE6BCB6006D1F51 /* Shift Keyboard ExampleUITests */,
			);
		};
/* End PBXProject section */

/* Begin PBXResourcesBuildPhase section */
		6E9CD0561DE6BCB6006D1F51 /* Resources */ = {
			isa = PBXResourcesBuildPhase;
			buildActionMask = 2147483647;
			files = (
				6E9CD0661DE6BCB6006D1F51 /* LaunchScreen.storyboard in Resources */,
				6E9CD0631DE6BCB6006D1F51 /* Assets.xcassets in Resources */,
				6E9CD0611DE6BCB6006D1F51 /* Main.storyboard in Resources */,
			);
			runOnlyForDeploymentPostprocessing = 0;
		};
		6E9CD06A1DE6BCB6006D1F51 /* Resources */ = {
			isa = PBXResourcesBuildPhase;
			buildActionMask = 2147483647;
			files = (
			);
			runOnlyForDeploymentPostprocessing = 0;
		};
		6E9CD0751DE6BCB6006D1F51 /* Resources */ = {
			isa = PBXResourcesBuildPhase;
			buildActionMask = 2147483647;
			files = (
			);
			runOnlyForDeploymentPostprocessing = 0;
		};
/* End PBXResourcesBuildPhase section */

/* Begin PBXSourcesBuildPhase section */
		6E9CD0541DE6BCB6006D1F51 /* Sources */ = {
			isa = PBXSourcesBuildPhase;
			buildActionMask = 2147483647;
			files = (
				6E9CD05E1DE6BCB6006D1F51 /* ViewController.swift in Sources */,
				6E9CD05C1DE6BCB6006D1F51 /* AppDelegate.swift in Sources */,
			);
			runOnlyForDeploymentPostprocessing = 0;
		};
		6E9CD0681DE6BCB6006D1F51 /* Sources */ = {
			isa = PBXSourcesBuildPhase;
			buildActionMask = 2147483647;
			files = (
				6E9CD0711DE6BCB6006D1F51 /* Shift_Keyboard_ExampleTests.swift in Sources */,
			);
			runOnlyForDeploymentPostprocessing = 0;
		};
		6E9CD0731DE6BCB6006D1F51 /* Sources */ = {
			isa = PBXSourcesBuildPhase;
			buildActionMask = 2147483647;
			files = (
				6E9CD07C1DE6BCB6006D1F51 /* Shift_Keyboard_ExampleUITests.swift in Sources */,
			);
			runOnlyForDeploymentPostprocessing = 0;
		};
/* End PBXSourcesBuildPhase section */

/* Begin PBXTargetDependency section */
		6E9CD06E1DE6BCB6006D1F51 /* PBXTargetDependency */ = {
			isa = PBXTargetDependency;
			target = 6E9CD0571DE6BCB6006D1F51 /* Shift Keyboard Example */;
			targetProxy = 6E9CD06D1DE6BCB6006D1F51 /* PBXContainerItemProxy */;
		};
		6E9CD0791DE6BCB6006D1F51 /* PBXTargetDependency */ = {
			isa = PBXTargetDependency;
			target = 6E9CD0571DE6BCB6006D1F51 /* Shift Keyboard Example */;
			targetProxy = 6E9CD0781DE6BCB6006D1F51 /* PBXContainerItemProxy */;
		};
/* End PBXTargetDependency section */

/* Begin PBXVariantGroup section */
		6E9CD05F1DE6BCB6006D1F51 /* Main.storyboard */ = {
			isa = PBXVariantGroup;
			children = (
				6E9CD0601DE6BCB6006D1F51 /* Base */,
			);
			name = Main.storyboard;
			sourceTree = "<group>";
		};
		6E9CD0641DE6BCB6006D1F51 /* LaunchScreen.storyboard */ = {
			isa = PBXVariantGroup;
			children = (
				6E9CD0651DE6BCB6006D1F51 /* Base */,
			);
			name = LaunchScreen.storyboard;
			sourceTree = "<group>";
		};
/* End PBXVariantGroup section */

/* Begin XCBuildConfiguration section */
		6E9CD07E1DE6BCB6006D1F51 /* Debug */ = {
			isa = XCBuildConfiguration;
			buildSettings = {
				ALWAYS_SEARCH_USER_PATHS = NO;
				CLANG_ANALYZER_NONNULL = YES;
				CLANG_CXX_LANGUAGE_STANDARD = "gnu++0x";
				CLANG_CXX_LIBRARY = "libc++";
				CLANG_ENABLE_MODULES = YES;
				CLANG_ENABLE_OBJC_ARC = YES;
				CLANG_WARN_BOOL_CONVERSION = YES;
				CLANG_WARN_CONSTANT_CONVERSION = YES;
				CLANG_WARN_DIRECT_OBJC_ISA_USAGE = YES_ERROR;
				CLANG_WARN_DOCUMENTATION_COMMENTS = YES;
				CLANG_WARN_EMPTY_BODY = YES;
				CLANG_WARN_ENUM_CONVERSION = YES;
				CLANG_WARN_INFINITE_RECURSION = YES;
				CLANG_WARN_INT_CONVERSION = YES;
				CLANG_WARN_OBJC_ROOT_CLASS = YES_ERROR;
				CLANG_WARN_SUSPICIOUS_MOVES = YES;
				CLANG_WARN_UNREACHABLE_CODE = YES;
				CLANG_WARN__DUPLICATE_METHOD_MATCH = YES;
				"CODE_SIGN_IDENTITY[sdk=iphoneos*]" = "iPhone Developer";
				COPY_PHASE_STRIP = NO;
				DEBUG_INFORMATION_FORMAT = dwarf;
				ENABLE_STRICT_OBJC_MSGSEND = YES;
				ENABLE_TESTABILITY = YES;
				GCC_C_LANGUAGE_STANDARD = gnu99;
				GCC_DYNAMIC_NO_PIC = NO;
				GCC_NO_COMMON_BLOCKS = YES;
				GCC_OPTIMIZATION_LEVEL = 0;
				GCC_PREPROCESSOR_DEFINITIONS = (
					"DEBUG=1",
					"$(inherited)",
				);
				GCC_WARN_64_TO_32_BIT_CONVERSION = YES;
				GCC_WARN_ABOUT_RETURN_TYPE = YES_ERROR;
				GCC_WARN_UNDECLARED_SELECTOR = YES;
				GCC_WARN_UNINITIALIZED_AUTOS = YES_AGGRESSIVE;
				GCC_WARN_UNUSED_FUNCTION = YES;
				GCC_WARN_UNUSED_VARIABLE = YES;
				IPHONEOS_DEPLOYMENT_TARGET = 10.1;
				MTL_ENABLE_DEBUG_INFO = YES;
				ONLY_ACTIVE_ARCH = YES;
				SDKROOT = iphoneos;
				SWIFT_ACTIVE_COMPILATION_CONDITIONS = DEBUG;
				SWIFT_OPTIMIZATION_LEVEL = "-Onone";
				TARGETED_DEVICE_FAMILY = "1,2";
			};
			name = Debug;
		};
		6E9CD07F1DE6BCB6006D1F51 /* Release */ = {
			isa = XCBuildConfiguration;
			buildSettings = {
				ALWAYS_SEARCH_USER_PATHS = NO;
				CLANG_ANALYZER_NONNULL = YES;
				CLANG_CXX_LANGUAGE_STANDARD = "gnu++0x";
				CLANG_CXX_LIBRARY = "libc++";
				CLANG_ENABLE_MODULES = YES;
				CLANG_ENABLE_OBJC_ARC = YES;
				CLANG_WARN_BOOL_CONVERSION = YES;
				CLANG_WARN_CONSTANT_CONVERSION = YES;
				CLANG_WARN_DIRECT_OBJC_ISA_USAGE = YES_ERROR;
				CLANG_WARN_DOCUMENTATION_COMMENTS = YES;
				CLANG_WARN_EMPTY_BODY = YES;
				CLANG_WARN_ENUM_CONVERSION = YES;
				CLANG_WARN_INFINITE_RECURSION = YES;
				CLANG_WARN_INT_CONVERSION = YES;
				CLANG_WARN_OBJC_ROOT_CLASS = YES_ERROR;
				CLANG_WARN_SUSPICIOUS_MOVES = YES;
				CLANG_WARN_UNREACHABLE_CODE = YES;
				CLANG_WARN__DUPLICATE_METHOD_MATCH = YES;
				"CODE_SIGN_IDENTITY[sdk=iphoneos*]" = "iPhone Developer";
				COPY_PHASE_STRIP = NO;
				DEBUG_INFORMATION_FORMAT = "dwarf-with-dsym";
				ENABLE_NS_ASSERTIONS = NO;
				ENABLE_STRICT_OBJC_MSGSEND = YES;
				GCC_C_LANGUAGE_STANDARD = gnu99;
				GCC_NO_COMMON_BLOCKS = YES;
				GCC_WARN_64_TO_32_BIT_CONVERSION = YES;
				GCC_WARN_ABOUT_RETURN_TYPE = YES_ERROR;
				GCC_WARN_UNDECLARED_SELECTOR = YES;
				GCC_WARN_UNINITIALIZED_AUTOS = YES_AGGRESSIVE;
				GCC_WARN_UNUSED_FUNCTION = YES;
				GCC_WARN_UNUSED_VARIABLE = YES;
				IPHONEOS_DEPLOYMENT_TARGET = 10.1;
				MTL_ENABLE_DEBUG_INFO = NO;
				SDKROOT = iphoneos;
				SWIFT_OPTIMIZATION_LEVEL = "-Owholemodule";
				TARGETED_DEVICE_FAMILY = "1,2";
				VALIDATE_PRODUCT = YES;
			};
			name = Release;
		};
		6E9CD0811DE6BCB6006D1F51 /* Debug */ = {
			isa = XCBuildConfiguration;
			buildSettings = {
				ASSETCATALOG_COMPILER_APPICON_NAME = AppIcon;
				DEVELOPMENT_TEAM = 44VVQHZS45;
				INFOPLIST_FILE = "Shift Keyboard Example/Info.plist";
				LD_RUNPATH_SEARCH_PATHS = "$(inherited) @executable_path/Frameworks";
				PRODUCT_BUNDLE_IDENTIFIER = "com.zulwiyozaputra.Shift-Keyboard-Example";
				PRODUCT_NAME = "$(TARGET_NAME)";
				SWIFT_VERSION = 3.0;
			};
			name = Debug;
		};
		6E9CD0821DE6BCB6006D1F51 /* Release */ = {
			isa = XCBuildConfiguration;
			buildSettings = {
				ASSETCATALOG_COMPILER_APPICON_NAME = AppIcon;
				DEVELOPMENT_TEAM = 44VVQHZS45;
				INFOPLIST_FILE = "Shift Keyboard Example/Info.plist";
				LD_RUNPATH_SEARCH_PATHS = "$(inherited) @executable_path/Frameworks";
				PRODUCT_BUNDLE_IDENTIFIER = "com.zulwiyozaputra.Shift-Keyboard-Example";
				PRODUCT_NAME = "$(TARGET_NAME)";
				SWIFT_VERSION = 3.0;
			};
			name = Release;
		};
		6E9CD0841DE6BCB6006D1F51 /* Debug */ = {
			isa = XCBuildConfiguration;
			buildSettings = {
				ALWAYS_EMBED_SWIFT_STANDARD_LIBRARIES = YES;
				BUNDLE_LOADER = "$(TEST_HOST)";
				DEVELOPMENT_TEAM = 44VVQHZS45;
				INFOPLIST_FILE = "Shift Keyboard ExampleTests/Info.plist";
				LD_RUNPATH_SEARCH_PATHS = "$(inherited) @executable_path/Frameworks @loader_path/Frameworks";
				PRODUCT_BUNDLE_IDENTIFIER = "com.zulwiyozaputra.Shift-Keyboard-ExampleTests";
				PRODUCT_NAME = "$(TARGET_NAME)";
				SWIFT_VERSION = 3.0;
				TEST_HOST = "$(BUILT_PRODUCTS_DIR)/Shift Keyboard Example.app/Shift Keyboard Example";
			};
			name = Debug;
		};
		6E9CD0851DE6BCB6006D1F51 /* Release */ = {
			isa = XCBuildConfiguration;
			buildSettings = {
				ALWAYS_EMBED_SWIFT_STANDARD_LIBRARIES = YES;
				BUNDLE_LOADER = "$(TEST_HOST)";
				DEVELOPMENT_TEAM = 44VVQHZS45;
				INFOPLIST_FILE = "Shift Keyboard ExampleTests/Info.plist";
				LD_RUNPATH_SEARCH_PATHS = "$(inherited) @executable_path/Frameworks @loader_path/Frameworks";
				PRODUCT_BUNDLE_IDENTIFIER = "com.zulwiyozaputra.Shift-Keyboard-ExampleTests";
				PRODUCT_NAME = "$(TARGET_NAME)";
				SWIFT_VERSION = 3.0;
				TEST_HOST = "$(BUILT_PRODUCTS_DIR)/Shift Keyboard Example.app/Shift Keyboard Example";
			};
			name = Release;
		};
		6E9CD0871DE6BCB6006D1F51 /* Debug */ = {
			isa = XCBuildConfiguration;
			buildSettings = {
				ALWAYS_EMBED_SWIFT_STANDARD_LIBRARIES = YES;
				DEVELOPMENT_TEAM = 44VVQHZS45;
				INFOPLIST_FILE = "Shift Keyboard ExampleUITests/Info.plist";
				LD_RUNPATH_SEARCH_PATHS = "$(inherited) @executable_path/Frameworks @loader_path/Frameworks";
				PRODUCT_BUNDLE_IDENTIFIER = "com.zulwiyozaputra.Shift-Keyboard-ExampleUITests";
				PRODUCT_NAME = "$(TARGET_NAME)";
				SWIFT_VERSION = 3.0;
				TEST_TARGET_NAME = "Shift Keyboard Example";
			};
			name = Debug;
		};
		6E9CD0881DE6BCB6006D1F51 /* Release */ = {
			isa = XCBuildConfiguration;
			buildSettings = {
				ALWAYS_EMBED_SWIFT_STANDARD_LIBRARIES = YES;
				DEVELOPMENT_TEAM = 44VVQHZS45;
				INFOPLIST_FILE = "Shift Keyboard ExampleUITests/Info.plist";
				LD_RUNPATH_SEARCH_PATHS = "$(inherited) @executable_path/Frameworks @loader_path/Frameworks";
				PRODUCT_BUNDLE_IDENTIFIER = "com.zulwiyozaputra.Shift-Keyboard-ExampleUITests";
				PRODUCT_NAME = "$(TARGET_NAME)";
				SWIFT_VERSION = 3.0;
				TEST_TARGET_NAME = "Shift Keyboard Example";
			};
			name = Release;
		};
/* End XCBuildConfiguration section */

/* Begin XCConfigurationList section */
		6E9CD0531DE6BCB6006D1F51 /* Build configuration list for PBXProject "Shift Keyboard Example" */ = {
			isa = XCConfigurationList;
			buildConfigurations = (
				6E9CD07E1DE6BCB6006D1F51 /* Debug */,
				6E9CD07F1DE6BCB6006D1F51 /* Release */,
			);
			defaultConfigurationIsVisible = 0;
			defaultConfigurationName = Release;
		};
		6E9CD0801DE6BCB6006D1F51 /* Build configuration list for PBXNativeTarget "Shift Keyboard Example" */ = {
			isa = XCConfigurationList;
			buildConfigurations = (
				6E9CD0811DE6BCB6006D1F51 /* Debug */,
				6E9CD0821DE6BCB6006D1F51 /* Release */,
			);
			defaultConfigurationIsVisible = 0;
		};
		6E9CD0831DE6BCB6006D1F51 /* Build configuration list for PBXNativeTarget "Shift Keyboard ExampleTests" */ = {
			isa = XCConfigurationList;
			buildConfigurations = (
				6E9CD0841DE6BCB6006D1F51 /* Debug */,
				6E9CD0851DE6BCB6006D1F51 /* Release */,
			);
			defaultConfigurationIsVisible = 0;
		};
		6E9CD0861DE6BCB6006D1F51 /* Build configuration list for PBXNativeTarget "Shift Keyboard ExampleUITests" */ = {
			isa = XCConfigurationList;
			buildConfigurations = (
				6E9CD0871DE6BCB6006D1F51 /* Debug */,
				6E9CD0881DE6BCB6006D1F51 /* Release */,
			);
			defaultConfigurationIsVisible = 0;
		};
/* End XCConfigurationList section */
	};
	rootObject = 6E9CD0501DE6BCB6006D1F51 /* Project object */;
}
